<?xml version="1.0" encoding="UTF-8" standalone="yes" ?>
<CodeBlocks_project_file>
	<FileVersion major="1" minor="6" />
	<Project>
		<Option title="MySQL" />
		<Option pch_mode="2" />
		<Option compiler="gcc" />
		<Build>
			<Target title="Debug">
				<Option output="bin/Debug/MySQL" prefix_auto="1" extension_auto="1" />
				<Option object_output="obj/Debug/" />
				<Option type="1" />
				<Option compiler="gcc" />
				<Compiler>
					<Add option="-Wextra" />
					<Add option="-g" />
					<Add directory="../MySQL" />
				</Compiler>
			</Target>
			<Target title="Release">
				<Option output="bin/Release/MySQL" prefix_auto="1" extension_auto="1" />
				<Option object_output="obj/Release/" />
				<Option type="0" />
				<Option compiler="gcc" />
				<Compiler>
					<Add option="-O2" />
					<Add directory="../MySQL" />
				</Compiler>
				<Linker>
					<Add option="-s" />
				</Linker>
			</Target>
		</Build>
		<Compiler>
			<Add option="-Wall" />
			<Add option="`pkg-config gtk+-3.0 --cflags`" />
			<Add option="`mysql_config --cflags`" />
		</Compiler>
		<Linker>
			<Add option="`pkg-config gtk+-3.0 --libs`" />
			<Add option="`mysql_config --libs`" />
		</Linker>
		<Unit filename="buttons.c">
			<Option compilerVar="CC" />
		</Unit>
		<Unit filename="buttons.h" />
		<Unit filename="keyfile.c">
			<Option compilerVar="CC" />
		</Unit>
		<Unit filename="keyfile.h" />
		<Unit filename="main.c">
			<Option compilerVar="CC" />
		</Unit>
		<Unit filename="own_mysql.c">
			<Option compilerVar="CC" />
		</Unit>
		<Unit filename="own_mysql.h" />
		<Unit filename="treeviewer.c">
			<Option compilerVar="CC" />
		</Unit>
		<Unit filename="treeviewer.h" />
		<Extensions>
			<code_completion />
			<debugger />
		</Extensions>
	</Project>
</CodeBlocks_project_file>
